
Microsoft Visual Studio Solution File, Format Version 12.00
# Visual Studio Version 17
VisualStudioVersion = 17.14.36109.1
MinimumVisualStudioVersion = 10.0.40219.1
Project("{FAE04EC0-301F-11D3-BF4B-00C04F79EFBC}") = "StoredProcedureToCsv", "StoredProcedureToCsv\StoredProcedureToCsv.csproj", "{6F0D48F2-9E4B-4030-8AA9-54BDFDA33112}"
EndProject
Global
	GlobalSection(SolutionConfigurationPlatforms) = preSolution
		Debug|Any CPU = Debug|Any CPU
		Release|Any CPU = Release|Any CPU
	EndGlobalSection
	GlobalSection(ProjectConfigurationPlatforms) = postSolution
		{6F0D48F2-9E4B-4030-8AA9-54BDFDA33112}.Debug|Any CPU.ActiveCfg = Debug|Any CPU
		{6F0D48F2-9E4B-4030-8AA9-54BDFDA33112}.Debug|Any CPU.Build.0 = Debug|Any CPU
		{6F0D48F2-9E4B-4030-8AA9-54BDFDA33112}.Release|Any CPU.ActiveCfg = Release|Any CPU
		{6F0D48F2-9E4B-4030-8AA9-54BDFDA33112}.Release|Any CPU.Build.0 = Release|Any CPU
	EndGlobalSection
	GlobalSection(SolutionProperties) = preSolution
		HideSolutionNode = FALSE
	EndGlobalSection
	GlobalSection(ExtensibilityGlobals) = postSolution
		SolutionGuid = {53BD13A5-7246-4E24-867B-E7D64585D5B1}
	EndGlobalSection
EndGlobal
